
Microsoft Visual Studio Solution File, Format Version 12.00
# Visual Studio 15
VisualStudioVersion = 15.0.28307.168
MinimumVisualStudioVersion = 10.0.40219.1
Project("{9A19103F-16F7-4668-BE54-9A1E7A4F7556}") = "Serilog-NetCore-Azure", "Serilog-NetCore-Azure.csproj", "{393EBE26-1952-409C-99E0-1B5966A9A61E}"
EndProject
Global
	GlobalSection(SolutionConfigurationPlatforms) = preSolution
		Debug|Any CPU = Debug|Any CPU
		Release|Any CPU = Release|Any CPU
	EndGlobalSection
	GlobalSection(ProjectConfigurationPlatforms) = postSolution
		{393EBE26-1952-409C-99E0-1B5966A9A61E}.Debug|Any CPU.ActiveCfg = Debug|Any CPU
		{393EBE26-1952-409C-99E0-1B5966A9A61E}.Debug|Any CPU.Build.0 = Debug|Any CPU
		{393EBE26-1952-409C-99E0-1B5966A9A61E}.Release|Any CPU.ActiveCfg = Release|Any CPU
		{393EBE26-1952-409C-99E0-1B5966A9A61E}.Release|Any CPU.Build.0 = Release|Any CPU
	EndGlobalSection
	GlobalSection(SolutionProperties) = preSolution
		HideSolutionNode = FALSE
	EndGlobalSection
	GlobalSection(ExtensibilityGlobals) = postSolution
		SolutionGuid = {FCF33526-E2B4-472F-8E7A-A1A25D34BB47}
	EndGlobalSection
EndGlobal
